// !$*UTF8*$!
{
	archiveVersion = 1;
	classes = {
	};
	objectVersion = 46;
	objects = {

/* Begin PBXBuildFile section */
		EFFDB4351F2164EC002EDD33 /* AppDelegate.swift in Sources */ = {isa = PBXBuildFile; fileRef = EFFDB4341F2164EC002EDD33 /* AppDelegate.swift */; };
		EFFDB4371F2164EC002EDD33 /* ViewController.swift in Sources */ = {isa = PBXBuildFile; fileRef = EFFDB4361F2164EC002EDD33 /* ViewController.swift */; };
		EFFDB43A1F2164EC002EDD33 /* Main.storyboard in Resources */ = {isa = PBXBuildFile; fileRef = EFFDB4381F2164EC002EDD33 /* Main.storyboard */; };
		EFFDB43C1F2164EC002EDD33 /* Assets.xcassets in Resources */ = {isa = PBXBuildFile; fileRef = EFFDB43B1F2164EC002EDD33 /* Assets.xcassets */; };
		EFFDB43F1F2164EC002EDD33 /* LaunchScreen.storyboard in Resources */ = {isa = PBXBuildFile; fileRef = EFFDB43D1F2164EC002EDD33 /* LaunchScreen.storyboard */; };
/* End PBXBuildFile section */

/* Begin PBXFileReference section */
		EFFDB4311F2164EC002EDD33 /* CocaoPodProject.app */ = {isa = PBXFileReference; explicitFileType = wrapper.application; includeInIndex = 0; path = CocaoPodProject.app; sourceTree = BUILT_PRODUCTS_DIR; };
		EFFDB4341F2164EC002EDD33 /* AppDelegate.swift */ = {isa = PBXFileReference; lastKnownFileType = sourcecode.swift; path = AppDelegate.swift; sourceTree = "<group>"; };
		EFFDB4361F2164EC002EDD33 /* ViewController.swift */ = {isa = PBXFileReference; lastKnownFileType = sourcecode.swift; path = ViewController.swift; sourceTree = "<group>"; };
		EFFDB4391F2164EC002EDD33 /* Base */ = {isa = PBXFileReference; lastKnownFileType = file.storyboard; name = Base; path = Base.lproj/Main.storyboard; sourceTree = "<group>"; };
		EFFDB43B1F2164EC002EDD33 /* Assets.xcassets */ = {isa = PBXFileReference; lastKnownFileType = folder.assetcatalog; path = Assets.xcassets; sourceTree = "<group>"; };
		EFFDB43E1F2164EC002EDD33 /* Base */ = {isa = PBXFileReference; lastKnownFileType = file.storyboard; name = Base; path = Base.lproj/LaunchScreen.storyboard; sourceTree = "<group>"; };
		EFFDB4401F2164EC002EDD33 /* Info.plist */ = {isa = PBXFileReference; lastKnownFileType = text.plist.xml; path = Info.plist; sourceTree = "<group>"; };
/* End PBXFileReference section */

/* Begin PBXFrameworksBuildPhase section */
		EFFDB42E1F2164EC002EDD33 /* Frameworks */ = {
			isa = PBXFrameworksBuildPhase;
			buildActionMask = 2147483647;
			files = (
			);
			runOnlyForDeploymentPostprocessing = 0;
		};
/* End PBXFrameworksBuildPhase section */

/* Begin PBXGroup section */
		EFFDB4281F2164EC002EDD33 = {
			isa = PBXGroup;
			children = (
				EFFDB4331F2164EC002EDD33 /* CocaoPodProject */,
				EFFDB4321F2164EC002EDD33 /* Products */,
			);
			sourceTree = "<group>";
		};
		EFFDB4321F2164EC002EDD33 /* Products */ = {
			isa = PBXGroup;
			children = (
				EFFDB4311F2164EC002EDD33 /* CocaoPodProject.app */,
			);
			name = Products;
			sourceTree = "<group>";
		};
		EFFDB4331F2164EC002EDD33 /* CocaoPodProject */ = {
			isa = PBXGroup;
			children = (
				EFFDB4341F2164EC002EDD33 /* AppDelegate.swift */,
				EFFDB4361F2164EC002EDD33 /* ViewController.swift */,
				EFFDB4381F2164EC002EDD33 /* Main.storyboard */,
				EFFDB43B1F2164EC002EDD33 /* Assets.xcassets */,
				EFFDB43D1F2164EC002EDD33 /* LaunchScreen.storyboard */,
				EFFDB4401F2164EC002EDD33 /* Info.plist */,
			);
			path = CocaoPodProject;
			sourceTree = "<group>";
		};
/* End PBXGroup section */

/* Begin PBXNativeTarget section */
		EFFDB4301F2164EC002EDD33 /* CocaoPodProject */ = {
			isa = PBXNativeTarget;
			buildConfigurationList = EFFDB4431F2164EC002EDD33 /* Build configuration list for PBXNativeTarget "CocaoPodProject" */;
			buildPhases = (
				EFFDB42D1F2164EC002EDD33 /* Sources */,
				EFFDB42E1F2164EC002EDD33 /* Frameworks */,
				EFFDB42F1F2164EC002EDD33 /* Resources */,
			);
			buildRules = (
			);
			dependencies = (
			);
			name = CocaoPodProject;
			productName = CocaoPodProject;
			productReference = EFFDB4311F2164EC002EDD33 /* CocaoPodProject.app */;
			productType = "com.apple.product-type.application";
		};
/* End PBXNativeTarget section */

/* Begin PBXProject section */
		EFFDB4291F2164EC002EDD33 /* Project object */ = {
			isa = PBXProject;
			attributes = {
				LastSwiftUpdateCheck = 0830;
				LastUpgradeCheck = 0830;
				ORGANIZATIONNAME = "Shandy Sulen";
				TargetAttributes = {
					EFFDB4301F2164EC002EDD33 = {
						CreatedOnToolsVersion = 8.3.3;
						ProvisioningStyle = Automatic;
					};
				};
			};
			buildConfigurationList = EFFDB42C1F2164EC002EDD33 /* Build configuration list for PBXProject "CocaoPodProject" */;
			compatibilityVersion = "Xcode 3.2";
			developmentRegion = English;
			hasScannedForEncodings = 0;
			knownRegions = (
				en,
				Base,
			);
			mainGroup = EFFDB4281F2164EC002EDD33;
			productRefGroup = EFFDB4321F2164EC002EDD33 /* Products */;
			projectDirPath = "";
			projectRoot = "";
			targets = (
				EFFDB4301F2164EC002EDD33 /* CocaoPodProject */,
			);
		};
/* End PBXProject section */

/* Begin PBXResourcesBuildPhase section */
		EFFDB42F1F2164EC002EDD33 /* Resources */ = {
			isa = PBXResourcesBuildPhase;
			buildActionMask = 2147483647;
			files = (
				EFFDB43F1F2164EC002EDD33 /* LaunchScreen.storyboard in Resources */,
				EFFDB43C1F2164EC002EDD33 /* Assets.xcassets in Resources */,
				EFFDB43A1F2164EC002EDD33 /* Main.storyboard in Resources */,
			);
			runOnlyForDeploymentPostprocessing = 0;
		};
/* End PBXResourcesBuildPhase section */

/* Begin PBXSourcesBuildPhase section */
		EFFDB42D1F2164EC002EDD33 /* Sources */ = {
			isa = PBXSourcesBuildPhase;
			buildActionMask = 2147483647;
			files = (
				EFFDB4371F2164EC002EDD33 /* ViewController.swift in Sources */,
				EFFDB4351F2164EC002EDD33 /* AppDelegate.swift in Sources */,
			);
			runOnlyForDeploymentPostprocessing = 0;
		};
/* End PBXSourcesBuildPhase section */

/* Begin PBXVariantGroup section */
		EFFDB4381F2164EC002EDD33 /* Main.storyboard */ = {
			isa = PBXVariantGroup;
			children = (
				EFFDB4391F2164EC002EDD33 /* Base */,
			);
			name = Main.storyboard;
			sourceTree = "<group>";
		};
		EFFDB43D1F2164EC002EDD33 /* LaunchScreen.storyboard */ = {
			isa = PBXVariantGroup;
			children = (
				EFFDB43E1F2164EC002EDD33 /* Base */,
			);
			name = LaunchScreen.storyboard;
			sourceTree = "<group>";
		};
/* End PBXVariantGroup section */

/* Begin XCBuildConfiguration section */
		EFFDB4411F2164EC002EDD33 /* Debug */ = {
			isa = XCBuildConfiguration;
			buildSettings = {
				ALWAYS_SEARCH_USER_PATHS = NO;
				CLANG_ANALYZER_NONNULL = YES;
				CLANG_ANALYZER_NUMBER_OBJECT_CONVERSION = YES_AGGRESSIVE;
				CLANG_CXX_LANGUAGE_STANDARD = "gnu++0x";
				CLANG_CXX_LIBRARY = "libc++";
				CLANG_ENABLE_MODULES = YES;
				CLANG_ENABLE_OBJC_ARC = YES;
				CLANG_WARN_BOOL_CONVERSION = YES;
				CLANG_WARN_CONSTANT_CONVERSION = YES;
				CLANG_WARN_DIRECT_OBJC_ISA_USAGE = YES_ERROR;
				CLANG_WARN_DOCUMENTATION_COMMENTS = YES;
				CLANG_WARN_EMPTY_BODY = YES;
				CLANG_WARN_ENUM_CONVERSION = YES;
				CLANG_WARN_INFINITE_RECURSION = YES;
				CLANG_WARN_INT_CONVERSION = YES;
				CLANG_WARN_OBJC_ROOT_CLASS = YES_ERROR;
				CLANG_WARN_SUSPICIOUS_MOVE = YES;
				CLANG_WARN_UNREACHABLE_CODE = YES;
				CLANG_WARN__DUPLICATE_METHOD_MATCH = YES;
				"CODE_SIGN_IDENTITY[sdk=iphoneos*]" = "iPhone Developer";
				COPY_PHASE_STRIP = NO;
				DEBUG_INFORMATION_FORMAT = dwarf;
				ENABLE_STRICT_OBJC_MSGSEND = YES;
				ENABLE_TESTABILITY = YES;
				GCC_C_LANGUAGE_STANDARD = gnu99;
				GCC_DYNAMIC_NO_PIC = NO;
				GCC_NO_COMMON_BLOCKS = YES;
				GCC_OPTIMIZATION_LEVEL = 0;
				GCC_PREPROCESSOR_DEFINITIONS = (
					"DEBUG=1",
					"$(inherited)",
				);
				GCC_WARN_64_TO_32_BIT_CONVERSION = YES;
				GCC_WARN_ABOUT_RETURN_TYPE = YES_ERROR;
				GCC_WARN_UNDECLARED_SELECTOR = YES;
				GCC_WARN_UNINITIALIZED_AUTOS = YES_AGGRESSIVE;
				GCC_WARN_UNUSED_FUNCTION = YES;
				GCC_WARN_UNUSED_VARIABLE = YES;
				IPHONEOS_DEPLOYMENT_TARGET = 10.3;
				MTL_ENABLE_DEBUG_INFO = YES;
				ONLY_ACTIVE_ARCH = YES;
				SDKROOT = iphoneos;
				SWIFT_ACTIVE_COMPILATION_CONDITIONS = DEBUG;
				SWIFT_OPTIMIZATION_LEVEL = "-Onone";
				TARGETED_DEVICE_FAMILY = "1,2";
			};
			name = Debug;
		};
		EFFDB4421F2164EC002EDD33 /* Release */ = {
			isa = XCBuildConfiguration;
			buildSettings = {
				ALWAYS_SEARCH_USER_PATHS = NO;
				CLANG_ANALYZER_NONNULL = YES;
				CLANG_ANALYZER_NUMBER_OBJECT_CONVERSION = YES_AGGRESSIVE;
				CLANG_CXX_LANGUAGE_STANDARD = "gnu++0x";
				CLANG_CXX_LIBRARY = "libc++";
				CLANG_ENABLE_MODULES = YES;
				CLANG_ENABLE_OBJC_ARC = YES;
				CLANG_WARN_BOOL_CONVERSION = YES;
				CLANG_WARN_CONSTANT_CONVERSION = YES;
				CLANG_WARN_DIRECT_OBJC_ISA_USAGE = YES_ERROR;
				CLANG_WARN_DOCUMENTATION_COMMENTS = YES;
				CLANG_WARN_EMPTY_BODY = YES;
				CLANG_WARN_ENUM_CONVERSION = YES;
				CLANG_WARN_INFINITE_RECURSION = YES;
				CLANG_WARN_INT_CONVERSION = YES;
				CLANG_WARN_OBJC_ROOT_CLASS = YES_ERROR;
				CLANG_WARN_SUSPICIOUS_MOVE = YES;
				CLANG_WARN_UNREACHABLE_CODE = YES;
				CLANG_WARN__DUPLICATE_METHOD_MATCH = YES;
				"CODE_SIGN_IDENTITY[sdk=iphoneos*]" = "iPhone Developer";
				COPY_PHASE_STRIP = NO;
				DEBUG_INFORMATION_FORMAT = "dwarf-with-dsym";
				ENABLE_NS_ASSERTIONS = NO;
				ENABLE_STRICT_OBJC_MSGSEND = YES;
				GCC_C_LANGUAGE_STANDARD = gnu99;
				GCC_NO_COMMON_BLOCKS = YES;
				GCC_WARN_64_TO_32_BIT_CONVERSION = YES;
				GCC_WARN_ABOUT_RETURN_TYPE = YES_ERROR;
				GCC_WARN_UNDECLARED_SELECTOR = YES;
				GCC_WARN_UNINITIALIZED_AUTOS = YES_AGGRESSIVE;
				GCC_WARN_UNUSED_FUNCTION = YES;
				GCC_WARN_UNUSED_VARIABLE = YES;
				IPHONEOS_DEPLOYMENT_TARGET = 10.3;
				MTL_ENABLE_DEBUG_INFO = NO;
				SDKROOT = iphoneos;
				SWIFT_OPTIMIZATION_LEVEL = "-Owholemodule";
				TARGETED_DEVICE_FAMILY = "1,2";
				VALIDATE_PRODUCT = YES;
			};
			name = Release;
		};
		EFFDB4441F2164EC002EDD33 /* Debug */ = {
			isa = XCBuildConfiguration;
			buildSettings = {
				ASSETCATALOG_COMPILER_APPICON_NAME = AppIcon;
				INFOPLIST_FILE = CocaoPodProject/Info.plist;
				LD_RUNPATH_SEARCH_PATHS = "$(inherited) @executable_path/Frameworks";
				PRODUCT_BUNDLE_IDENTIFIER = com.ShandySulen.CocaoPodProject;
				PRODUCT_NAME = "$(TARGET_NAME)";
				SWIFT_VERSION = 3.0;
			};
			name = Debug;
		};
		EFFDB4451F2164EC002EDD33 /* Release */ = {
			isa = XCBuildConfiguration;
			buildSettings = {
				ASSETCATALOG_COMPILER_APPICON_NAME = AppIcon;
				INFOPLIST_FILE = CocaoPodProject/Info.plist;
				LD_RUNPATH_SEARCH_PATHS = "$(inherited) @executable_path/Frameworks";
				PRODUCT_BUNDLE_IDENTIFIER = com.ShandySulen.CocaoPodProject;
				PRODUCT_NAME = "$(TARGET_NAME)";
				SWIFT_VERSION = 3.0;
			};
			name = Release;
		};
/* End XCBuildConfiguration section */

/* Begin XCConfigurationList section */
		EFFDB42C1F2164EC002EDD33 /* Build configuration list for PBXProject "CocaoPodProject" */ = {
			isa = XCConfigurationList;
			buildConfigurations = (
				EFFDB4411F2164EC002EDD33 /* Debug */,
				EFFDB4421F2164EC002EDD33 /* Release */,
			);
			defaultConfigurationIsVisible = 0;
			defaultConfigurationName = Release;
		};
		EFFDB4431F2164EC002EDD33 /* Build configuration list for PBXNativeTarget "CocaoPodProject" */ = {
			isa = XCConfigurationList;
			buildConfigurations = (
				EFFDB4441F2164EC002EDD33 /* Debug */,
				EFFDB4451F2164EC002EDD33 /* Release */,
			);
			defaultConfigurationIsVisible = 0;
		};
/* End XCConfigurationList section */
	};
	rootObject = EFFDB4291F2164EC002EDD33 /* Project object */;
}
